# This file was autogenerated by Stack.
# You should not edit this file by hand.
# For more information, please see the documentation at:
#   https://docs.haskellstack.org/en/stable/lock_files

packages:
- completed:
    hackage: taggy-0.2.1@sha256:7bc55ddba178971dc6052163597f0445a0a2b5b0ca0e84ce651d53d722e3c265,4662
    pantry-tree:
      size: 1667
      sha256: 0b3140ad52833bf8498da1bdc9745105128e109515a6102f87884c2d43b6f18d
  original:
    hackage: taggy-0.2.1
- completed:
    hackage: svg-tree-0.6.2.3@sha256:f46b9e003d9448829c41a934ff57d9739618e4fd7cd931bd171a86bbbc5c7b88,2112
    pantry-tree:
      size: 711
      sha256: 3ff51ccd8ae594e6139ec85b7cc96d03788b322b7c9b17a16a20259ad9b9988e
  original:
    hackage: svg-tree-0.6.2.3
snapshots:
- completed:
    size: 504336
    url: https://raw.githubusercontent.com/commercialhaskell/stackage-snapshots/master/lts/12/12.yaml
    sha256: 11db5c37144d13fe6b56cd511050b4e6ffe988f6edb8e439c2432fc9fcdf50c3
  original: lts-12.12
